// !$*UTF8*$!
{
	archiveVersion = 1;
	classes = {
	};
	objectVersion = 46;
	objects = {

/* Begin PBXBuildFile section */
		8A96E0111DED1540000320F5 /* main.m in Sources */ = {isa = PBXBuildFile; fileRef = 8A96E0101DED1540000320F5 /* main.m */; };
		8A96E0141DED1540000320F5 /* AppDelegate.m in Sources */ = {isa = PBXBuildFile; fileRef = 8A96E0131DED1540000320F5 /* AppDelegate.m */; };
		8A96E0171DED1540000320F5 /* ViewController.m in Sources */ = {isa = PBXBuildFile; fileRef = 8A96E0161DED1540000320F5 /* ViewController.m */; };
		8A96E01A1DED1540000320F5 /* Main.storyboard in Resources */ = {isa = PBXBuildFile; fileRef = 8A96E0181DED1540000320F5 /* Main.storyboard */; };
		8A96E01C1DED1540000320F5 /* Assets.xcassets in Resources */ = {isa = PBXBuildFile; fileRef = 8A96E01B1DED1540000320F5 /* Assets.xcassets */; };
		8A96E01F1DED1540000320F5 /* LaunchScreen.storyboard in Resources */ = {isa = PBXBuildFile; fileRef = 8A96E01D1DED1540000320F5 /* LaunchScreen.storyboard */; };
		8A96E02A1DED1540000320F5 /* SFHudViewTests.m in Sources */ = {isa = PBXBuildFile; fileRef = 8A96E0291DED1540000320F5 /* SFHudViewTests.m */; };
		8A96E0351DED1540000320F5 /* SFHudViewUITests.m in Sources */ = {isa = PBXBuildFile; fileRef = 8A96E0341DED1540000320F5 /* SFHudViewUITests.m */; };
		8A96E0441DED15E9000320F5 /* SFHudView.m in Sources */ = {isa = PBXBuildFile; fileRef = 8A96E0431DED15E9000320F5 /* SFHudView.m */; };
		8A96E0471DED1B6C000320F5 /* SFWatingProgressHud.m in Sources */ = {isa = PBXBuildFile; fileRef = 8A96E0461DED1B6C000320F5 /* SFWatingProgressHud.m */; };
		8A96E04A1DED1B92000320F5 /* SFMessageProgressHud.m in Sources */ = {isa = PBXBuildFile; fileRef = 8A96E0491DED1B92000320F5 /* SFMessageProgressHud.m */; };
		8A96E04D1DED5D7B000320F5 /* TestViewController.m in Sources */ = {isa = PBXBuildFile; fileRef = 8A96E04C1DED5D7B000320F5 /* TestViewController.m */; };
/* End PBXBuildFile section */

/* Begin PBXContainerItemProxy section */
		8A96E0261DED1540000320F5 /* PBXContainerItemProxy */ = {
			isa = PBXContainerItemProxy;
			containerPortal = 8A96E0041DED1540000320F5 /* Project object */;
			proxyType = 1;
			remoteGlobalIDString = 8A96E00B1DED1540000320F5;
			remoteInfo = SFHudView;
		};
		8A96E0311DED1540000320F5 /* PBXContainerItemProxy */ = {
			isa = PBXContainerItemProxy;
			containerPortal = 8A96E0041DED1540000320F5 /* Project object */;
			proxyType = 1;
			remoteGlobalIDString = 8A96E00B1DED1540000320F5;
			remoteInfo = SFHudView;
		};
/* End PBXContainerItemProxy section */

/* Begin PBXFileReference section */
		8A96E00C1DED1540000320F5 /* SFHudView.app */ = {isa = PBXFileReference; explicitFileType = wrapper.application; includeInIndex = 0; path = SFHudView.app; sourceTree = BUILT_PRODUCTS_DIR; };
		8A96E0101DED1540000320F5 /* main.m */ = {isa = PBXFileReference; lastKnownFileType = sourcecode.c.objc; path = main.m; sourceTree = "<group>"; };
		8A96E0121DED1540000320F5 /* AppDelegate.h */ = {isa = PBXFileReference; lastKnownFileType = sourcecode.c.h; path = AppDelegate.h; sourceTree = "<group>"; };
		8A96E0131DED1540000320F5 /* AppDelegate.m */ = {isa = PBXFileReference; lastKnownFileType = sourcecode.c.objc; path = AppDelegate.m; sourceTree = "<group>"; };
		8A96E0151DED1540000320F5 /* ViewController.h */ = {isa = PBXFileReference; lastKnownFileType = sourcecode.c.h; path = ViewController.h; sourceTree = "<group>"; };
		8A96E0161DED1540000320F5 /* ViewController.m */ = {isa = PBXFileReference; lastKnownFileType = sourcecode.c.objc; path = ViewController.m; sourceTree = "<group>"; };
		8A96E0191DED1540000320F5 /* Base */ = {isa = PBXFileReference; lastKnownFileType = file.storyboard; name = Base; path = Base.lproj/Main.storyboard; sourceTree = "<group>"; };
		8A96E01B1DED1540000320F5 /* Assets.xcassets */ = {isa = PBXFileReference; lastKnownFileType = folder.assetcatalog; path = Assets.xcassets; sourceTree = "<group>"; };
		8A96E01E1DED1540000320F5 /* Base */ = {isa = PBXFileReference; lastKnownFileType = file.storyboard; name = Base; path = Base.lproj/LaunchScreen.storyboard; sourceTree = "<group>"; };
		8A96E0201DED1540000320F5 /* Info.plist */ = {isa = PBXFileReference; lastKnownFileType = text.plist.xml; path = Info.plist; sourceTree = "<group>"; };
		8A96E0251DED1540000320F5 /* SFHudViewTests.xctest */ = {isa = PBXFileReference; explicitFileType = wrapper.cfbundle; includeInIndex = 0; path = SFHudViewTests.xctest; sourceTree = BUILT_PRODUCTS_DIR; };
		8A96E0291DED1540000320F5 /* SFHudViewTests.m */ = {isa = PBXFileReference; lastKnownFileType = sourcecode.c.objc; path = SFHudViewTests.m; sourceTree = "<group>"; };
		8A96E02B1DED1540000320F5 /* Info.plist */ = {isa = PBXFileReference; lastKnownFileType = text.plist.xml; path = Info.plist; sourceTree = "<group>"; };
		8A96E0301DED1540000320F5 /* SFHudViewUITests.xctest */ = {isa = PBXFileReference; explicitFileType = wrapper.cfbundle; includeInIndex = 0; path = SFHudViewUITests.xctest; sourceTree = BUILT_PRODUCTS_DIR; };
		8A96E0341DED1540000320F5 /* SFHudViewUITests.m */ = {isa = PBXFileReference; lastKnownFileType = sourcecode.c.objc; path = SFHudViewUITests.m; sourceTree = "<group>"; };
		8A96E0361DED1540000320F5 /* Info.plist */ = {isa = PBXFileReference; lastKnownFileType = text.plist.xml; path = Info.plist; sourceTree = "<group>"; };
		8A96E0421DED15E9000320F5 /* SFHudView.h */ = {isa = PBXFileReference; fileEncoding = 4; lastKnownFileType = sourcecode.c.h; path = SFHudView.h; sourceTree = SOURCE_ROOT; };
		8A96E0431DED15E9000320F5 /* SFHudView.m */ = {isa = PBXFileReference; fileEncoding = 4; lastKnownFileType = sourcecode.c.objc; path = SFHudView.m; sourceTree = SOURCE_ROOT; };
		8A96E0451DED1B6C000320F5 /* SFWatingProgressHud.h */ = {isa = PBXFileReference; fileEncoding = 4; lastKnownFileType = sourcecode.c.h; name = SFWatingProgressHud.h; path = SFHudView/SFWatingProgressHud.h; sourceTree = "<group>"; };
		8A96E0461DED1B6C000320F5 /* SFWatingProgressHud.m */ = {isa = PBXFileReference; fileEncoding = 4; lastKnownFileType = sourcecode.c.objc; name = SFWatingProgressHud.m; path = SFHudView/SFWatingProgressHud.m; sourceTree = "<group>"; };
		8A96E0481DED1B92000320F5 /* SFMessageProgressHud.h */ = {isa = PBXFileReference; fileEncoding = 4; lastKnownFileType = sourcecode.c.h; name = SFMessageProgressHud.h; path = SFHudView/SFMessageProgressHud.h; sourceTree = "<group>"; };
		8A96E0491DED1B92000320F5 /* SFMessageProgressHud.m */ = {isa = PBXFileReference; fileEncoding = 4; lastKnownFileType = sourcecode.c.objc; name = SFMessageProgressHud.m; path = SFHudView/SFMessageProgressHud.m; sourceTree = "<group>"; };
		8A96E04B1DED5D7B000320F5 /* TestViewController.h */ = {isa = PBXFileReference; fileEncoding = 4; lastKnownFileType = sourcecode.c.h; path = TestViewController.h; sourceTree = "<group>"; };
		8A96E04C1DED5D7B000320F5 /* TestViewController.m */ = {isa = PBXFileReference; fileEncoding = 4; lastKnownFileType = sourcecode.c.objc; path = TestViewController.m; sourceTree = "<group>"; };
/* End PBXFileReference section */

/* Begin PBXFrameworksBuildPhase section */
		8A96E0091DED1540000320F5 /* Frameworks */ = {
			isa = PBXFrameworksBuildPhase;
			buildActionMask = 2147483647;
			files = (
			);
			runOnlyForDeploymentPostprocessing = 0;
		};
		8A96E0221DED1540000320F5 /* Frameworks */ = {
			isa = PBXFrameworksBuildPhase;
			buildActionMask = 2147483647;
			files = (
			);
			runOnlyForDeploymentPostprocessing = 0;
		};
		8A96E02D1DED1540000320F5 /* Frameworks */ = {
			isa = PBXFrameworksBuildPhase;
			buildActionMask = 2147483647;
			files = (
			);
			runOnlyForDeploymentPostprocessing = 0;
		};
/* End PBXFrameworksBuildPhase section */

/* Begin PBXGroup section */
		8A96E0031DED1540000320F5 = {
			isa = PBXGroup;
			children = (
				8A96E04E1DED6598000320F5 /* SFHudView */,
				8A96E00E1DED1540000320F5 /* SFHudView */,
				8A96E0281DED1540000320F5 /* SFHudViewTests */,
				8A96E0331DED1540000320F5 /* SFHudViewUITests */,
				8A96E00D1DED1540000320F5 /* Products */,
			);
			sourceTree = "<group>";
		};
		8A96E00D1DED1540000320F5 /* Products */ = {
			isa = PBXGroup;
			children = (
				8A96E00C1DED1540000320F5 /* SFHudView.app */,
				8A96E0251DED1540000320F5 /* SFHudViewTests.xctest */,
				8A96E0301DED1540000320F5 /* SFHudViewUITests.xctest */,
			);
			name = Products;
			sourceTree = "<group>";
		};
		8A96E00E1DED1540000320F5 /* SFHudView */ = {
			isa = PBXGroup;
			children = (
				8A96E0121DED1540000320F5 /* AppDelegate.h */,
				8A96E0131DED1540000320F5 /* AppDelegate.m */,
				8A96E0151DED1540000320F5 /* ViewController.h */,
				8A96E0161DED1540000320F5 /* ViewController.m */,
				8A96E04B1DED5D7B000320F5 /* TestViewController.h */,
				8A96E04C1DED5D7B000320F5 /* TestViewController.m */,
				8A96E0181DED1540000320F5 /* Main.storyboard */,
				8A96E01B1DED1540000320F5 /* Assets.xcassets */,
				8A96E01D1DED1540000320F5 /* LaunchScreen.storyboard */,
				8A96E0201DED1540000320F5 /* Info.plist */,
				8A96E00F1DED1540000320F5 /* Supporting Files */,
			);
			path = SFHudView;
			sourceTree = "<group>";
		};
		8A96E00F1DED1540000320F5 /* Supporting Files */ = {
			isa = PBXGroup;
			children = (
				8A96E0101DED1540000320F5 /* main.m */,
			);
			name = "Supporting Files";
			sourceTree = "<group>";
		};
		8A96E0281DED1540000320F5 /* SFHudViewTests */ = {
			isa = PBXGroup;
			children = (
				8A96E0291DED1540000320F5 /* SFHudViewTests.m */,
				8A96E02B1DED1540000320F5 /* Info.plist */,
			);
			path = SFHudViewTests;
			sourceTree = "<group>";
		};
		8A96E0331DED1540000320F5 /* SFHudViewUITests */ = {
			isa = PBXGroup;
			children = (
				8A96E0341DED1540000320F5 /* SFHudViewUITests.m */,
				8A96E0361DED1540000320F5 /* Info.plist */,
			);
			path = SFHudViewUITests;
			sourceTree = "<group>";
		};
		8A96E04E1DED6598000320F5 /* SFHudView */ = {
			isa = PBXGroup;
			children = (
				8A96E0451DED1B6C000320F5 /* SFWatingProgressHud.h */,
				8A96E0461DED1B6C000320F5 /* SFWatingProgressHud.m */,
				8A96E0421DED15E9000320F5 /* SFHudView.h */,
				8A96E0431DED15E9000320F5 /* SFHudView.m */,
				8A96E0481DED1B92000320F5 /* SFMessageProgressHud.h */,
				8A96E0491DED1B92000320F5 /* SFMessageProgressHud.m */,
			);
			name = SFHudView;
			sourceTree = "<group>";
		};
/* End PBXGroup section */

/* Begin PBXNativeTarget section */
		8A96E00B1DED1540000320F5 /* SFHudView */ = {
			isa = PBXNativeTarget;
			buildConfigurationList = 8A96E0391DED1540000320F5 /* Build configuration list for PBXNativeTarget "SFHudView" */;
			buildPhases = (
				8A96E0081DED1540000320F5 /* Sources */,
				8A96E0091DED1540000320F5 /* Frameworks */,
				8A96E00A1DED1540000320F5 /* Resources */,
			);
			buildRules = (
			);
			dependencies = (
			);
			name = SFHudView;
			productName = SFHudView;
			productReference = 8A96E00C1DED1540000320F5 /* SFHudView.app */;
			productType = "com.apple.product-type.application";
		};
		8A96E0241DED1540000320F5 /* SFHudViewTests */ = {
			isa = PBXNativeTarget;
			buildConfigurationList = 8A96E03C1DED1540000320F5 /* Build configuration list for PBXNativeTarget "SFHudViewTests" */;
			buildPhases = (
				8A96E0211DED1540000320F5 /* Sources */,
				8A96E0221DED1540000320F5 /* Frameworks */,
				8A96E0231DED1540000320F5 /* Resources */,
			);
			buildRules = (
			);
			dependencies = (
				8A96E0271DED1540000320F5 /* PBXTargetDependency */,
			);
			name = SFHudViewTests;
			productName = SFHudViewTests;
			productReference = 8A96E0251DED1540000320F5 /* SFHudViewTests.xctest */;
			productType = "com.apple.product-type.bundle.unit-test";
		};
		8A96E02F1DED1540000320F5 /* SFHudViewUITests */ = {
			isa = PBXNativeTarget;
			buildConfigurationList = 8A96E03F1DED1540000320F5 /* Build configuration list for PBXNativeTarget "SFHudViewUITests" */;
			buildPhases = (
				8A96E02C1DED1540000320F5 /* Sources */,
				8A96E02D1DED1540000320F5 /* Frameworks */,
				8A96E02E1DED1540000320F5 /* Resources */,
			);
			buildRules = (
			);
			dependencies = (
				8A96E0321DED1540000320F5 /* PBXTargetDependency */,
			);
			name = SFHudViewUITests;
			productName = SFHudViewUITests;
			productReference = 8A96E0301DED1540000320F5 /* SFHudViewUITests.xctest */;
			productType = "com.apple.product-type.bundle.ui-testing";
		};
/* End PBXNativeTarget section */

/* Begin PBXProject section */
		8A96E0041DED1540000320F5 /* Project object */ = {
			isa = PBXProject;
			attributes = {
				LastUpgradeCheck = 0730;
				ORGANIZATIONNAME = richinginfo;
				TargetAttributes = {
					8A96E00B1DED1540000320F5 = {
						CreatedOnToolsVersion = 7.3.1;
						DevelopmentTeam = 4WPC6P595L;
					};
					8A96E0241DED1540000320F5 = {
						CreatedOnToolsVersion = 7.3.1;
						DevelopmentTeam = 4WPC6P595L;
						TestTargetID = 8A96E00B1DED1540000320F5;
					};
					8A96E02F1DED1540000320F5 = {
						CreatedOnToolsVersion = 7.3.1;
						DevelopmentTeam = 4WPC6P595L;
						TestTargetID = 8A96E00B1DED1540000320F5;
					};
				};
			};
			buildConfigurationList = 8A96E0071DED1540000320F5 /* Build configuration list for PBXProject "SFHudView" */;
			compatibilityVersion = "Xcode 3.2";
			developmentRegion = English;
			hasScannedForEncodings = 0;
			knownRegions = (
				en,
				Base,
			);
			mainGroup = 8A96E0031DED1540000320F5;
			productRefGroup = 8A96E00D1DED1540000320F5 /* Products */;
			projectDirPath = "";
			projectRoot = "";
			targets = (
				8A96E00B1DED1540000320F5 /* SFHudView */,
				8A96E0241DED1540000320F5 /* SFHudViewTests */,
				8A96E02F1DED1540000320F5 /* SFHudViewUITests */,
			);
		};
/* End PBXProject section */

/* Begin PBXResourcesBuildPhase section */
		8A96E00A1DED1540000320F5 /* Resources */ = {
			isa = PBXResourcesBuildPhase;
			buildActionMask = 2147483647;
			files = (
				8A96E01F1DED1540000320F5 /* LaunchScreen.storyboard in Resources */,
				8A96E01C1DED1540000320F5 /* Assets.xcassets in Resources */,
				8A96E01A1DED1540000320F5 /* Main.storyboard in Resources */,
			);
			runOnlyForDeploymentPostprocessing = 0;
		};
		8A96E0231DED1540000320F5 /* Resources */ = {
			isa = PBXResourcesBuildPhase;
			buildActionMask = 2147483647;
			files = (
			);
			runOnlyForDeploymentPostprocessing = 0;
		};
		8A96E02E1DED1540000320F5 /* Resources */ = {
			isa = PBXResourcesBuildPhase;
			buildActionMask = 2147483647;
			files = (
			);
			runOnlyForDeploymentPostprocessing = 0;
		};
/* End PBXResourcesBuildPhase section */

/* Begin PBXSourcesBuildPhase section */
		8A96E0081DED1540000320F5 /* Sources */ = {
			isa = PBXSourcesBuildPhase;
			buildActionMask = 2147483647;
			files = (
				8A96E0171DED1540000320F5 /* ViewController.m in Sources */,
				8A96E0141DED1540000320F5 /* AppDelegate.m in Sources */,
				8A96E04D1DED5D7B000320F5 /* TestViewController.m in Sources */,
				8A96E0471DED1B6C000320F5 /* SFWatingProgressHud.m in Sources */,
				8A96E0111DED1540000320F5 /* main.m in Sources */,
				8A96E0441DED15E9000320F5 /* SFHudView.m in Sources */,
				8A96E04A1DED1B92000320F5 /* SFMessageProgressHud.m in Sources */,
			);
			runOnlyForDeploymentPostprocessing = 0;
		};
		8A96E0211DED1540000320F5 /* Sources */ = {
			isa = PBXSourcesBuildPhase;
			buildActionMask = 2147483647;
			files = (
				8A96E02A1DED1540000320F5 /* SFHudViewTests.m in Sources */,
			);
			runOnlyForDeploymentPostprocessing = 0;
		};
		8A96E02C1DED1540000320F5 /* Sources */ = {
			isa = PBXSourcesBuildPhase;
			buildActionMask = 2147483647;
			files = (
				8A96E0351DED1540000320F5 /* SFHudViewUITests.m in Sources */,
			);
			runOnlyForDeploymentPostprocessing = 0;
		};
/* End PBXSourcesBuildPhase section */

/* Begin PBXTargetDependency section */
		8A96E0271DED1540000320F5 /* PBXTargetDependency */ = {
			isa = PBXTargetDependency;
			target = 8A96E00B1DED1540000320F5 /* SFHudView */;
			targetProxy = 8A96E0261DED1540000320F5 /* PBXContainerItemProxy */;
		};
		8A96E0321DED1540000320F5 /* PBXTargetDependency */ = {
			isa = PBXTargetDependency;
			target = 8A96E00B1DED1540000320F5 /* SFHudView */;
			targetProxy = 8A96E0311DED1540000320F5 /* PBXContainerItemProxy */;
		};
/* End PBXTargetDependency section */

/* Begin PBXVariantGroup section */
		8A96E0181DED1540000320F5 /* Main.storyboard */ = {
			isa = PBXVariantGroup;
			children = (
				8A96E0191DED1540000320F5 /* Base */,
			);
			name = Main.storyboard;
			sourceTree = "<group>";
		};
		8A96E01D1DED1540000320F5 /* LaunchScreen.storyboard */ = {
			isa = PBXVariantGroup;
			children = (
				8A96E01E1DED1540000320F5 /* Base */,
			);
			name = LaunchScreen.storyboard;
			sourceTree = "<group>";
		};
/* End PBXVariantGroup section */

/* Begin XCBuildConfiguration section */
		8A96E0371DED1540000320F5 /* Debug */ = {
			isa = XCBuildConfiguration;
			buildSettings = {
				ALWAYS_SEARCH_USER_PATHS = NO;
				CLANG_ANALYZER_NONNULL = YES;
				CLANG_CXX_LANGUAGE_STANDARD = "gnu++0x";
				CLANG_CXX_LIBRARY = "libc++";
				CLANG_ENABLE_MODULES = YES;
				CLANG_ENABLE_OBJC_ARC = YES;
				CLANG_WARN_BOOL_CONVERSION = YES;
				CLANG_WARN_CONSTANT_CONVERSION = YES;
				CLANG_WARN_DIRECT_OBJC_ISA_USAGE = YES_ERROR;
				CLANG_WARN_EMPTY_BODY = YES;
				CLANG_WARN_ENUM_CONVERSION = YES;
				CLANG_WARN_INT_CONVERSION = YES;
				CLANG_WARN_OBJC_ROOT_CLASS = YES_ERROR;
				CLANG_WARN_UNREACHABLE_CODE = YES;
				CLANG_WARN__DUPLICATE_METHOD_MATCH = YES;
				"CODE_SIGN_IDENTITY[sdk=iphoneos*]" = "iPhone Developer";
				COPY_PHASE_STRIP = NO;
				DEBUG_INFORMATION_FORMAT = dwarf;
				ENABLE_STRICT_OBJC_MSGSEND = YES;
				ENABLE_TESTABILITY = YES;
				GCC_C_LANGUAGE_STANDARD = gnu99;
				GCC_DYNAMIC_NO_PIC = NO;
				GCC_NO_COMMON_BLOCKS = YES;
				GCC_OPTIMIZATION_LEVEL = 0;
				GCC_PREPROCESSOR_DEFINITIONS = (
					"DEBUG=1",
					"$(inherited)",
				);
				GCC_WARN_64_TO_32_BIT_CONVERSION = YES;
				GCC_WARN_ABOUT_RETURN_TYPE = YES_ERROR;
				GCC_WARN_UNDECLARED_SELECTOR = YES;
				GCC_WARN_UNINITIALIZED_AUTOS = YES_AGGRESSIVE;
				GCC_WARN_UNUSED_FUNCTION = YES;
				GCC_WARN_UNUSED_VARIABLE = YES;
				IPHONEOS_DEPLOYMENT_TARGET = 9.3;
				MTL_ENABLE_DEBUG_INFO = YES;
				ONLY_ACTIVE_ARCH = YES;
				SDKROOT = iphoneos;
			};
			name = Debug;
		};
		8A96E0381DED1540000320F5 /* Release */ = {
			isa = XCBuildConfiguration;
			buildSettings = {
				ALWAYS_SEARCH_USER_PATHS = NO;
				CLANG_ANALYZER_NONNULL = YES;
				CLANG_CXX_LANGUAGE_STANDARD = "gnu++0x";
				CLANG_CXX_LIBRARY = "libc++";
				CLANG_ENABLE_MODULES = YES;
				CLANG_ENABLE_OBJC_ARC = YES;
				CLANG_WARN_BOOL_CONVERSION = YES;
				CLANG_WARN_CONSTANT_CONVERSION = YES;
				CLANG_WARN_DIRECT_OBJC_ISA_USAGE = YES_ERROR;
				CLANG_WARN_EMPTY_BODY = YES;
				CLANG_WARN_ENUM_CONVERSION = YES;
				CLANG_WARN_INT_CONVERSION = YES;
				CLANG_WARN_OBJC_ROOT_CLASS = YES_ERROR;
				CLANG_WARN_UNREACHABLE_CODE = YES;
				CLANG_WARN__DUPLICATE_METHOD_MATCH = YES;
				"CODE_SIGN_IDENTITY[sdk=iphoneos*]" = "iPhone Developer";
				COPY_PHASE_STRIP = NO;
				DEBUG_INFORMATION_FORMAT = "dwarf-with-dsym";
				ENABLE_NS_ASSERTIONS = NO;
				ENABLE_STRICT_OBJC_MSGSEND = YES;
				GCC_C_LANGUAGE_STANDARD = gnu99;
				GCC_NO_COMMON_BLOCKS = YES;
				GCC_WARN_64_TO_32_BIT_CONVERSION = YES;
				GCC_WARN_ABOUT_RETURN_TYPE = YES_ERROR;
				GCC_WARN_UNDECLARED_SELECTOR = YES;
				GCC_WARN_UNINITIALIZED_AUTOS = YES_AGGRESSIVE;
				GCC_WARN_UNUSED_FUNCTION = YES;
				GCC_WARN_UNUSED_VARIABLE = YES;
				IPHONEOS_DEPLOYMENT_TARGET = 9.3;
				MTL_ENABLE_DEBUG_INFO = NO;
				SDKROOT = iphoneos;
				VALIDATE_PRODUCT = YES;
			};
			name = Release;
		};
		8A96E03A1DED1540000320F5 /* Debug */ = {
			isa = XCBuildConfiguration;
			buildSettings = {
				ASSETCATALOG_COMPILER_APPICON_NAME = AppIcon;
				INFOPLIST_FILE = SFHudView/Info.plist;
				IPHONEOS_DEPLOYMENT_TARGET = 8.3;
				LD_RUNPATH_SEARCH_PATHS = "$(inherited) @executable_path/Frameworks";
				PRODUCT_BUNDLE_IDENTIFIER = com.richinginfo.SFHudView;
				PRODUCT_NAME = "$(TARGET_NAME)";
			};
			name = Debug;
		};
		8A96E03B1DED1540000320F5 /* Release */ = {
			isa = XCBuildConfiguration;
			buildSettings = {
				ASSETCATALOG_COMPILER_APPICON_NAME = AppIcon;
				INFOPLIST_FILE = SFHudView/Info.plist;
				IPHONEOS_DEPLOYMENT_TARGET = 8.3;
				LD_RUNPATH_SEARCH_PATHS = "$(inherited) @executable_path/Frameworks";
				PRODUCT_BUNDLE_IDENTIFIER = com.richinginfo.SFHudView;
				PRODUCT_NAME = "$(TARGET_NAME)";
			};
			name = Release;
		};
		8A96E03D1DED1540000320F5 /* Debug */ = {
			isa = XCBuildConfiguration;
			buildSettings = {
				BUNDLE_LOADER = "$(TEST_HOST)";
				INFOPLIST_FILE = SFHudViewTests/Info.plist;
				LD_RUNPATH_SEARCH_PATHS = "$(inherited) @executable_path/Frameworks @loader_path/Frameworks";
				PRODUCT_BUNDLE_IDENTIFIER = com.richinginfo.SFHudViewTests;
				PRODUCT_NAME = "$(TARGET_NAME)";
				TEST_HOST = "$(BUILT_PRODUCTS_DIR)/SFHudView.app/SFHudView";
			};
			name = Debug;
		};
		8A96E03E1DED1540000320F5 /* Release */ = {
			isa = XCBuildConfiguration;
			buildSettings = {
				BUNDLE_LOADER = "$(TEST_HOST)";
				INFOPLIST_FILE = SFHudViewTests/Info.plist;
				LD_RUNPATH_SEARCH_PATHS = "$(inherited) @executable_path/Frameworks @loader_path/Frameworks";
				PRODUCT_BUNDLE_IDENTIFIER = com.richinginfo.SFHudViewTests;
				PRODUCT_NAME = "$(TARGET_NAME)";
				TEST_HOST = "$(BUILT_PRODUCTS_DIR)/SFHudView.app/SFHudView";
			};
			name = Release;
		};
		8A96E0401DED1540000320F5 /* Debug */ = {
			isa = XCBuildConfiguration;
			buildSettings = {
				INFOPLIST_FILE = SFHudViewUITests/Info.plist;
				LD_RUNPATH_SEARCH_PATHS = "$(inherited) @executable_path/Frameworks @loader_path/Frameworks";
				PRODUCT_BUNDLE_IDENTIFIER = com.richinginfo.SFHudViewUITests;
				PRODUCT_NAME = "$(TARGET_NAME)";
				TEST_TARGET_NAME = SFHudView;
			};
			name = Debug;
		};
		8A96E0411DED1540000320F5 /* Release */ = {
			isa = XCBuildConfiguration;
			buildSettings = {
				INFOPLIST_FILE = SFHudViewUITests/Info.plist;
				LD_RUNPATH_SEARCH_PATHS = "$(inherited) @executable_path/Frameworks @loader_path/Frameworks";
				PRODUCT_BUNDLE_IDENTIFIER = com.richinginfo.SFHudViewUITests;
				PRODUCT_NAME = "$(TARGET_NAME)";
				TEST_TARGET_NAME = SFHudView;
			};
			name = Release;
		};
/* End XCBuildConfiguration section */

/* Begin XCConfigurationList section */
		8A96E0071DED1540000320F5 /* Build configuration list for PBXProject "SFHudView" */ = {
			isa = XCConfigurationList;
			buildConfigurations = (
				8A96E0371DED1540000320F5 /* Debug */,
				8A96E0381DED1540000320F5 /* Release */,
			);
			defaultConfigurationIsVisible = 0;
			defaultConfigurationName = Release;
		};
		8A96E0391DED1540000320F5 /* Build configuration list for PBXNativeTarget "SFHudView" */ = {
			isa = XCConfigurationList;
			buildConfigurations = (
				8A96E03A1DED1540000320F5 /* Debug */,
				8A96E03B1DED1540000320F5 /* Release */,
			);
			defaultConfigurationIsVisible = 0;
		};
		8A96E03C1DED1540000320F5 /* Build configuration list for PBXNativeTarget "SFHudViewTests" */ = {
			isa = XCConfigurationList;
			buildConfigurations = (
				8A96E03D1DED1540000320F5 /* Debug */,
				8A96E03E1DED1540000320F5 /* Release */,
			);
			defaultConfigurationIsVisible = 0;
		};
		8A96E03F1DED1540000320F5 /* Build configuration list for PBXNativeTarget "SFHudViewUITests" */ = {
			isa = XCConfigurationList;
			buildConfigurations = (
				8A96E0401DED1540000320F5 /* Debug */,
				8A96E0411DED1540000320F5 /* Release */,
			);
			defaultConfigurationIsVisible = 0;
		};
/* End XCConfigurationList section */
	};
	rootObject = 8A96E0041DED1540000320F5 /* Project object */;
}
